
Microsoft Visual Studio Solution File, Format Version 12.00
# Visual Studio Version 16
VisualStudioVersion = 16.0.28729.10
MinimumVisualStudioVersion = 10.0.40219.1
Project("{FAE04EC0-301F-11D3-BF4B-00C04F79EFBC}") = "ErrorProject", "ErrorProject\ErrorProject.csproj", "{8E8954CD-3563-404F-AE05-32E09B290424}"
EndProject
Global
	GlobalSection(SolutionConfigurationPlatforms) = preSolution
		Debug|Any CPU = Debug|Any CPU
		Release|Any CPU = Release|Any CPU
	EndGlobalSection
	GlobalSection(ProjectConfigurationPlatforms) = postSolution
		{8E8954CD-3563-404F-AE05-32E09B290424}.Debug|Any CPU.ActiveCfg = Debug|Any CPU
		{8E8954CD-3563-404F-AE05-32E09B290424}.Debug|Any CPU.Build.0 = Debug|Any CPU
		{8E8954CD-3563-404F-AE05-32E09B290424}.Release|Any CPU.ActiveCfg = Release|Any CPU
		{8E8954CD-3563-404F-AE05-32E09B290424}.Release|Any CPU.Build.0 = Release|Any CPU
	EndGlobalSection
	GlobalSection(SolutionProperties) = preSolution
		HideSolutionNode = FALSE
	EndGlobalSection
	GlobalSection(ExtensibilityGlobals) = postSolution
		SolutionGuid = {002B710B-A078-4A5D-AD93-7AE5B1FA3349}
	EndGlobalSection
EndGlobal
